<?xml version="1.0" encoding="utf-8"?>
<Project ToolsVersion="4.0" xmlns="http://schemas.microsoft.com/developer/msbuild/2003">
  <ItemGroup>
    <Filter Include="Source Files">
      <UniqueIdentifier>{4fa30b24-a49c-460f-9c66-df90edb09297}</UniqueIdentifier>
    </Filter>
    <Filter Include="Generated Files">
      <UniqueIdentifier>{2f528e76-df06-4695-9431-a0ca362cd06b}</UniqueIdentifier>
      <SourceControlFiles>False</SourceControlFiles>
    </Filter>
  </ItemGroup>
  <ItemGroup>
    <None Include="ContextMenuDemops.def" />
  </ItemGroup>
  <ItemGroup>
    <ClCompile Include="ContextMenuDemo_i.c">
      <Filter>Generated Files</Filter>
    </ClCompile>
    <ClCompile Include="ContextMenuDemo_p.c">
      <Filter>Generated Files</Filter>
    </ClCompile>
    <ClCompile Include="dlldata.c">
      <Filter>Generated Files</Filter>
    </ClCompile>
  </ItemGroup>
</Project>